{
    "_meta": {
        "hash": {
            "sha256": "3b47929556e3a2c89b5f584992b42cb7f74bd6e8bbcbfce1f99747306d4a417f"
        },
        "pipfile-spec": 6,
        "requires": {
            "python_version": "3.8"
        },
        "sources": [
            {
                "name": "pypi",
                "url": "https://pypi.org/simple",
                "verify_ssl": true
            }
        ]
    },
    "default": {
        "avro-python3": {
            "hashes": [
                "sha256:3b63f24e6b04368c3e4a6f923f484be0230d821aad65ac36108edbff29e9aaab"
            ],
            "markers": "python_version >= '3.5'",
            "version": "==1.10.2"
        },
        "certifi": {
            "hashes": [
                "sha256:84c85a9078b11105f04f3036a9482ae10e4621616db313fe045dd24743a0820d",
                "sha256:fe86415d55e84719d75f8b69414f6438ac3547d2078ab91b67e779ef69378412"
            ],
            "markers": "python_version >= '3.6'",
            "version": "==2022.6.15"
        },
        "chardet": {
            "hashes": [
                "sha256:84ab92ed1c4d4f16916e05906b6b75a6c0fb5db821cc65e70cbd64a3e2a5eaae",
                "sha256:fc323ffcaeaed0e0a02bf4d117757b98aed530d9ed4531e3e15460124c106691"
            ],
            "version": "==3.0.4"
        },
        "confluent-kafka": {
            "extras": [
                "avro"
            ],
            "hashes": [
                "sha256:13d0146850c046b9e3dabbcb60bd7c4f02c7d4754b693266ee5bb0884faea2c7",
                "sha256:1505de9c652f9b841ba600f35e6a7f4cae2e239e9b8255212433756d17c1aeed",
                "sha256:1832373eee96b0ef246c773ec2613c382bf4577f0d42e2ce688e8d35ca373e69",
                "sha256:3001d09e5efa357eb9f3166ef54703166d7b662eb55841b760a346313ca717ee",
                "sha256:31b934aa821e4d6aff06dd260b14c03ca58a532bb160032acff573e2de0a4467",
                "sha256:359d776fb0381147e4c9981676d3907f9dbd12733597a6fec455e5a516728ae2",
                "sha256:472f63ee352a1464ff40325cc3a86aae2685716985bb2c9cad7e574f4203d664",
                "sha256:53ec15b8b76109489c77c0fe3d2f5ff71398cef2db74053c4818f6667a14471d",
                "sha256:6299420c462b274095d4624cf246dc90e49d6d3c1acd8b7222d39eb407476301",
                "sha256:8a497aee87d01891090c9c59ee760387bc41c718a358dadc926a6cae36dfa4fa",
                "sha256:8bd48e88b2d9ba42b58e8c5c1a266a4a7945757d1ae1c2bad3c0fbdf7b52c5e5",
                "sha256:92684d50215c111025ebb40c813f695fd9df69f763f04e9b25fc4fd67e5c0d06",
                "sha256:957417782592136c91c81d7161be8c6fc334f65d229a672d18c4cc85a0a09532",
                "sha256:a41eda5c84e153e0ec8d854c064ebe242a8a6993f9069f6ae83dfd5f9dda1ac6",
                "sha256:b4e5b7f5f597d4a40e0148e1fe509ab800231542ce7e8765265e8c251e6e3983",
                "sha256:c41d12f4e1deb54e1fa6e40260d95aa7b1c1ebfa4bbddb8a03f06fde3611da71",
                "sha256:c8b75e6e803e1a4346d12f212ead3871f86cf21e4d6b5028e8701f8e9c8f105b",
                "sha256:c8dee478a46a9352224fce1d12756cff6cf50e2684121a118141c7908ae9ed3e",
                "sha256:d072825c0f9dec85ebc5eaa887c324914cb3631c884b35fc3c173663d4222a3a",
                "sha256:d328d11edfe049cbdd6bf0792bcff9a9afce26c25124f198fe0ea1f910b529b3",
                "sha256:d52708474daec030399cf45a6bff55b13d631cdba6cc6546da351f675a901d44",
                "sha256:dd02a60145961957ad293aed30a435de2069024aec134575bea937e50df211b3",
                "sha256:eb900ef15b340a87185412b906cbef2450ab68907b84988a6af7fc8e1b017b6c",
                "sha256:fa5d985e30fbcbccaf8b9b1e52137abfbbe0f913fc1baddb96b9476824013411",
                "sha256:fb8ba7ddf85c80eb4d2e3c2f1b362793b9f5c78950bc1e93f60423241071fd9b",
                "sha256:ff80ceca738f52d9058d146b7b063092a88281362606e6c917af2a9e60087a3d"
            ],
            "index": "pypi",
            "version": "==1.1.0"
        },
        "fastavro": {
            "hashes": [
                "sha256:0053347a92add6f448837ff00099b0a7200ec5dd58e173743d856d65d0574ddb",
                "sha256:04438b592980633ccf5d1de7798480a634ca581ae7575ab7671ba16773b6b428",
                "sha256:0815da740ced2261f90b0ddbb5bbe645e9c893c8f00e5dc8d30b8ec20f3c7fa9",
                "sha256:0ab92ab744f9172da0791bfad0495d785c7c4f5a68924e3c6c6b39b78b044b11",
                "sha256:0b00b1711511981c4e2dd4a27ba5ae20897fe41ec7ab52eda868626d445081e5",
                "sha256:0f1ed38042a2a90a7a5da170006459e73134f4c14f4fda9ebba99017adb1b14c",
                "sha256:6b4f8551ccbe0c9b19867b8c93029e8cfe8fa3757245caae6228f35ef0656371",
                "sha256:84ca1a60cecd710ead076585b56b954ab3e6e001d8e7384cb4ed20019b29e7a9",
                "sha256:920d170560198741fa196a62a97c220173339766e6c14369c5c68bfe8cdafa25",
                "sha256:b5ff657c0d48553492d8356a30b6112fcc6db69adce6bba31135272bc9d87d82",
                "sha256:df83ebdd7b67b52a37bc84c6e25f7056f756fb216c5c8e5c95ae1673fcbb6015",
                "sha256:fb3491c88e7962a6b820548ddd12b9c0f6296ebd2385a3021296f14bfe35189a",
                "sha256:ff241b5ce36df7af7461d001ca98fec6eacd56c4754c8ac7718e2d4b7b690a82"
            ],
            "markers": "python_version >= '3.7'",
            "version": "==1.5.1"
        },
        "idna": {
            "hashes": [
                "sha256:c357b3f628cf53ae2c4c05627ecc484553142ca23264e593d327bcde5e9c3407",
                "sha256:ea8b7f6188e6fa117537c3df7da9fc686d485087abf6ac197f9c46432f7e4a3c"
            ],
            "version": "==2.8"
        },
        "numpy": {
            "hashes": [
                "sha256:0cfe07133fd00b27edee5e6385e333e9eeb010607e8a46e1cd673f05f8596595",
                "sha256:11a1f3816ea82eed4178102c56281782690ab5993251fdfd75039aad4d20385f",
                "sha256:2762331de395739c91f1abb88041f94a080cb1143aeec791b3b223976228af3f",
                "sha256:283d9de87c0133ef98f93dfc09fad3fb382f2a15580de75c02b5bb36a5a159a5",
                "sha256:3d22662b4b10112c545c91a0741f2436f8ca979ab3d69d03d19322aa970f9695",
                "sha256:41388e32e40b41dd56eb37fcaa7488b2b47b0adf77c66154d6b89622c110dfe9",
                "sha256:42c16cec1c8cf2728f1d539bd55aaa9d6bb48a7de2f41eb944697293ef65a559",
                "sha256:47ee7a839f5885bc0c63a74aabb91f6f40d7d7b639253768c4199b37aede7982",
                "sha256:5a311ee4d983c487a0ab546708edbdd759393a3dc9cd30305170149fedd23c88",
                "sha256:5dc65644f75a4c2970f21394ad8bea1a844104f0fe01f278631be1c7eae27226",
                "sha256:6ed0d073a9c54ac40c41a9c2d53fcc3d4d4ed607670b9e7b0de1ba13b4cbfe6f",
                "sha256:76ba7c40e80f9dc815c5e896330700fd6e20814e69da9c1267d65a4d051080f1",
                "sha256:818b9be7900e8dc23e013a92779135623476f44a0de58b40c32a15368c01d471",
                "sha256:a024181d7aef0004d76fb3bce2a4c9f2e67a609a9e2a6ff2571d30e9976aa383",
                "sha256:a955e4128ac36797aaffd49ab44ec74a71c11d6938df83b1285492d277db5397",
                "sha256:a97a954a8c2f046d3817c2bce16e3c7e9a9c2afffaf0400f5c16df5172a67c9c",
                "sha256:a97e82c39d9856fe7d4f9b86d8a1e66eff99cf3a8b7ba48202f659703d27c46f",
                "sha256:b55b953a1bdb465f4dc181758570d321db4ac23005f90ffd2b434cc6609a63dd",
                "sha256:bb02929b0d6bfab4c48a79bd805bd7419114606947ec8284476167415171f55b",
                "sha256:bece0a4a49e60e472a6d1f70ac6cdea00f9ab80ff01132f96bd970cdd8a9e5a9",
                "sha256:e41e8951749c4b5c9a2dc5fdbc1a4eec6ab2a140fdae9b460b0f557eed870f4d",
                "sha256:f71d57cc8645f14816ae249407d309be250ad8de93ef61d9709b45a0ddf4050c"
            ],
            "index": "pypi",
            "version": "==1.22.0"
        },
        "pandas": {
            "hashes": [
                "sha256:071e42b89b57baa17031af8c6b6bbd2e9a5c68c595bc6bf9adabd7a9ed125d3b",
                "sha256:17450e25ae69e2e6b303817bdf26b2cd57f69595d8550a77c308be0cd0fd58fa",
                "sha256:17916d818592c9ec891cbef2e90f98cc85e0f1e89ed0924c9b5220dc3209c846",
                "sha256:2538f099ab0e9f9c9d09bbcd94b47fd889bad06dc7ae96b1ed583f1dc1a7a822",
                "sha256:366f30710172cb45a6b4f43b66c220653b1ea50303fbbd94e50571637ffb9167",
                "sha256:42e5ad741a0d09232efbc7fc648226ed93306551772fc8aecc6dce9f0e676794",
                "sha256:4e718e7f395ba5bfe8b6f6aaf2ff1c65a09bb77a36af6394621434e7cc813204",
                "sha256:4f919f409c433577a501e023943e582c57355d50a724c589e78bc1d551a535a2",
                "sha256:4fe0d7e6438212e839fc5010c78b822664f1a824c0d263fd858f44131d9166e2",
                "sha256:5149a6db3e74f23dc3f5a216c2c9ae2e12920aa2d4a5b77e44e5b804a5f93248",
                "sha256:627594338d6dd995cfc0bacd8e654cd9e1252d2a7c959449228df6740d737eb8",
                "sha256:83c702615052f2a0a7fb1dd289726e29ec87a27272d775cb77affe749cca28f8",
                "sha256:8c872f7fdf3018b7891e1e3e86c55b190e6c5cee70cab771e8f246c855001296",
                "sha256:90f116086063934afd51e61a802a943826d2aac572b2f7d55caaac51c13db5b5",
                "sha256:a3352bacac12e1fc646213b998bce586f965c9d431773d9e91db27c7c48a1f7d",
                "sha256:bcdd06007cca02d51350f96debe51331dec429ac8f93930a43eb8fb5639e3eb5",
                "sha256:c1bd07ebc15285535f61ddd8c0c75d0d6293e80e1ee6d9a8d73f3f36954342d0",
                "sha256:c9a4b7c55115eb278c19aa14b34fcf5920c8fe7797a09b7b053ddd6195ea89b3",
                "sha256:cc8fc0c7a8d5951dc738f1c1447f71c43734244453616f32b8aa0ef6013a5dfb",
                "sha256:d7b460bc316064540ce0c41c1438c416a40746fd8a4fb2999668bf18f3c4acf1"
            ],
            "index": "pypi",
            "version": "==0.24.2"
        },
        "python-dateutil": {
            "hashes": [
                "sha256:0123cacc1627ae19ddf3c27a5de5bd67ee4586fbdd6440d9748f8abb483d3e86",
                "sha256:961d03dc3453ebbc59dbdea9e4e11c5651520a876d0f4db161e8674aae935da9"
            ],
            "markers": "python_version >= '2.7' and python_version not in '3.0, 3.1, 3.2, 3.3'",
            "version": "==2.8.2"
        },
        "pytz": {
            "hashes": [
                "sha256:1e760e2fe6a8163bc0b3d9a19c4f84342afa0a2affebfaa84b01b978a02ecaa7",
                "sha256:e68985985296d9a66a881eb3193b0906246245294a881e7c8afe623866ac6a5c"
            ],
            "version": "==2022.1"
        },
        "requests": {
            "hashes": [
                "sha256:11e007a8a2aa0323f5a921e9e6a2d7e4e67d9877e85773fba9ba6419025cbeb4",
                "sha256:9cf5292fcd0f598c671cfc1e0d7d1a7f13bb8085e9a590f48c010551dc6c4b31"
            ],
            "index": "pypi",
            "version": "==2.22.0"
        },
        "six": {
            "hashes": [
                "sha256:1e61c37477a1626458e36f7b1d82aa5c9b094fa4802892072e49de9c60c4c926",
                "sha256:8abb2f1d86890a2dfb989f9a77cfcfd3e47c2a354b01111771326f8aa26e0254"
            ],
            "markers": "python_version >= '2.7' and python_version not in '3.0, 3.1, 3.2, 3.3'",
            "version": "==1.16.0"
        },
        "urllib3": {
            "hashes": [
                "sha256:8d7eaa5a82a1cac232164990f04874c594c9453ec55eef02eab885aa02fc17a2",
                "sha256:f5321fbe4bf3fefa0efd0bfe7fb14e90909eb62a48ccda331726b4319897dd5e"
            ],
            "markers": "python_version >= '2.7' and python_version not in '3.0, 3.1, 3.2, 3.3, 3.4' and python_version < '4'",
            "version": "==1.25.11"
        }
    },
    "develop": {}
}
